
Microsoft Visual Studio Solution File, Format Version 12.00
# Visual Studio Version 16
VisualStudioVersion = 16.0.32901.82
MinimumVisualStudioVersion = 10.0.40219.1
Project("{FAE04EC0-301F-11D3-BF4B-00C04F79EFBC}") = "pppzZadatakCetri", "pppzZadatakCetri\pppzZadatakCetri.csproj", "{ABB524D2-2BB0-46BC-A810-B3BBBAD535CC}"
EndProject
Global
	GlobalSection(SolutionConfigurationPlatforms) = preSolution
		Debug|Any CPU = Debug|Any CPU
		Release|Any CPU = Release|Any CPU
	EndGlobalSection
	GlobalSection(ProjectConfigurationPlatforms) = postSolution
		{ABB524D2-2BB0-46BC-A810-B3BBBAD535CC}.Debug|Any CPU.ActiveCfg = Debug|Any CPU
		{ABB524D2-2BB0-46BC-A810-B3BBBAD535CC}.Debug|Any CPU.Build.0 = Debug|Any CPU
		{ABB524D2-2BB0-46BC-A810-B3BBBAD535CC}.Release|Any CPU.ActiveCfg = Release|Any CPU
		{ABB524D2-2BB0-46BC-A810-B3BBBAD535CC}.Release|Any CPU.Build.0 = Release|Any CPU
	EndGlobalSection
	GlobalSection(SolutionProperties) = preSolution
		HideSolutionNode = FALSE
	EndGlobalSection
	GlobalSection(ExtensibilityGlobals) = postSolution
		SolutionGuid = {66616329-6E9C-4CF3-AC3F-A64E441D905C}
	EndGlobalSection
EndGlobal
